
Microsoft Visual Studio Solution File, Format Version 12.00
# Visual Studio Version 17
VisualStudioVersion = 17.3.32929.385
MinimumVisualStudioVersion = 10.0.40219.1
Project("{FAE04EC0-301F-11D3-BF4B-00C04F79EFBC}") = "Ecommerce", "Ecommerce\Ecommerce.csproj", "{7E1C98FE-7F20-4174-B0BE-0B3592E9C466}"
EndProject
Project("{FAE04EC0-301F-11D3-BF4B-00C04F79EFBC}") = "dominio", "dominio\dominio.csproj", "{10A76EF6-4A07-4851-8C65-4AE2D6B11EFE}"
EndProject
Global
	GlobalSection(SolutionConfigurationPlatforms) = preSolution
		Debug|Any CPU = Debug|Any CPU
		Release|Any CPU = Release|Any CPU
	EndGlobalSection
	GlobalSection(ProjectConfigurationPlatforms) = postSolution
		{7E1C98FE-7F20-4174-B0BE-0B3592E9C466}.Debug|Any CPU.ActiveCfg = Debug|Any CPU
		{7E1C98FE-7F20-4174-B0BE-0B3592E9C466}.Debug|Any CPU.Build.0 = Debug|Any CPU
		{7E1C98FE-7F20-4174-B0BE-0B3592E9C466}.Release|Any CPU.ActiveCfg = Release|Any CPU
		{7E1C98FE-7F20-4174-B0BE-0B3592E9C466}.Release|Any CPU.Build.0 = Release|Any CPU
		{10A76EF6-4A07-4851-8C65-4AE2D6B11EFE}.Debug|Any CPU.ActiveCfg = Debug|Any CPU
		{10A76EF6-4A07-4851-8C65-4AE2D6B11EFE}.Debug|Any CPU.Build.0 = Debug|Any CPU
		{10A76EF6-4A07-4851-8C65-4AE2D6B11EFE}.Release|Any CPU.ActiveCfg = Release|Any CPU
		{10A76EF6-4A07-4851-8C65-4AE2D6B11EFE}.Release|Any CPU.Build.0 = Release|Any CPU
	EndGlobalSection
	GlobalSection(SolutionProperties) = preSolution
		HideSolutionNode = FALSE
	EndGlobalSection
	GlobalSection(ExtensibilityGlobals) = postSolution
		SolutionGuid = {AA9861B9-CBAD-4434-95EE-A8E57160BF9D}
	EndGlobalSection
EndGlobal
